
Microsoft Visual Studio Solution File, Format Version 12.00
# Visual Studio 15
VisualStudioVersion = 15.0.28010.2046
MinimumVisualStudioVersion = 10.0.40219.1
Project("{FAE04EC0-301F-11D3-BF4B-00C04F79EFBC}") = "COMP123-LESSON9", "COMP123-LESSON9\COMP123-LESSON9.csproj", "{7F5AF74F-8DE6-4476-8F5A-3E564583ADC9}"
EndProject
Global
	GlobalSection(SolutionConfigurationPlatforms) = preSolution
		Debug|Any CPU = Debug|Any CPU
		Release|Any CPU = Release|Any CPU
	EndGlobalSection
	GlobalSection(ProjectConfigurationPlatforms) = postSolution
		{7F5AF74F-8DE6-4476-8F5A-3E564583ADC9}.Debug|Any CPU.ActiveCfg = Debug|Any CPU
		{7F5AF74F-8DE6-4476-8F5A-3E564583ADC9}.Debug|Any CPU.Build.0 = Debug|Any CPU
		{7F5AF74F-8DE6-4476-8F5A-3E564583ADC9}.Release|Any CPU.ActiveCfg = Release|Any CPU
		{7F5AF74F-8DE6-4476-8F5A-3E564583ADC9}.Release|Any CPU.Build.0 = Release|Any CPU
	EndGlobalSection
	GlobalSection(SolutionProperties) = preSolution
		HideSolutionNode = FALSE
	EndGlobalSection
	GlobalSection(ExtensibilityGlobals) = postSolution
		SolutionGuid = {C5F0E0DA-3E64-4B21-9389-494B867A3255}
	EndGlobalSection
EndGlobal
